
Microsoft Visual Studio Solution File, Format Version 12.00
# Visual Studio Version 16
VisualStudioVersion = 16.0.31019.35
MinimumVisualStudioVersion = 10.0.40219.1
Project("{FAE04EC0-301F-11D3-BF4B-00C04F79EFBC}") = "Chap13App", "Chap13App\Chap13App.csproj", "{074A3720-697C-405F-96DF-F3B12B7DB78E}"
EndProject
Project("{9A19103F-16F7-4668-BE54-9A1E7A4F7556}") = "CallbackTestApp", "CallbackTestApp\CallbackTestApp.csproj", "{1D24B6D6-D7FE-40AE-B5B2-318488DA24A1}"
EndProject
Project("{FAE04EC0-301F-11D3-BF4B-00C04F79EFBC}") = "DeleagateChainApp", "DeleagateChainApp\DeleagateChainApp.csproj", "{6269FC9B-F0ED-4198-B882-A275FAB5B043}"
EndProject
Project("{FAE04EC0-301F-11D3-BF4B-00C04F79EFBC}") = "DelegateChain2App", "DelegateChain2App\DelegateChain2App.csproj", "{C3F57EB4-37F9-4543-AC4B-62EDB9CAE1C6}"
EndProject
Project("{FAE04EC0-301F-11D3-BF4B-00C04F79EFBC}") = "UsingEventApp", "UsingEventApp\UsingEventApp.csproj", "{2DBFA386-49A0-42CA-A13B-1917DAE67A97}"
EndProject
Global
	GlobalSection(SolutionConfigurationPlatforms) = preSolution
		Debug|Any CPU = Debug|Any CPU
		Release|Any CPU = Release|Any CPU
	EndGlobalSection
	GlobalSection(ProjectConfigurationPlatforms) = postSolution
		{074A3720-697C-405F-96DF-F3B12B7DB78E}.Debug|Any CPU.ActiveCfg = Debug|Any CPU
		{074A3720-697C-405F-96DF-F3B12B7DB78E}.Debug|Any CPU.Build.0 = Debug|Any CPU
		{074A3720-697C-405F-96DF-F3B12B7DB78E}.Release|Any CPU.ActiveCfg = Release|Any CPU
		{074A3720-697C-405F-96DF-F3B12B7DB78E}.Release|Any CPU.Build.0 = Release|Any CPU
		{1D24B6D6-D7FE-40AE-B5B2-318488DA24A1}.Debug|Any CPU.ActiveCfg = Debug|Any CPU
		{1D24B6D6-D7FE-40AE-B5B2-318488DA24A1}.Debug|Any CPU.Build.0 = Debug|Any CPU
		{1D24B6D6-D7FE-40AE-B5B2-318488DA24A1}.Release|Any CPU.ActiveCfg = Release|Any CPU
		{1D24B6D6-D7FE-40AE-B5B2-318488DA24A1}.Release|Any CPU.Build.0 = Release|Any CPU
		{6269FC9B-F0ED-4198-B882-A275FAB5B043}.Debug|Any CPU.ActiveCfg = Debug|Any CPU
		{6269FC9B-F0ED-4198-B882-A275FAB5B043}.Debug|Any CPU.Build.0 = Debug|Any CPU
		{6269FC9B-F0ED-4198-B882-A275FAB5B043}.Release|Any CPU.ActiveCfg = Release|Any CPU
		{6269FC9B-F0ED-4198-B882-A275FAB5B043}.Release|Any CPU.Build.0 = Release|Any CPU
		{C3F57EB4-37F9-4543-AC4B-62EDB9CAE1C6}.Debug|Any CPU.ActiveCfg = Debug|Any CPU
		{C3F57EB4-37F9-4543-AC4B-62EDB9CAE1C6}.Debug|Any CPU.Build.0 = Debug|Any CPU
		{C3F57EB4-37F9-4543-AC4B-62EDB9CAE1C6}.Release|Any CPU.ActiveCfg = Release|Any CPU
		{C3F57EB4-37F9-4543-AC4B-62EDB9CAE1C6}.Release|Any CPU.Build.0 = Release|Any CPU
		{2DBFA386-49A0-42CA-A13B-1917DAE67A97}.Debug|Any CPU.ActiveCfg = Debug|Any CPU
		{2DBFA386-49A0-42CA-A13B-1917DAE67A97}.Debug|Any CPU.Build.0 = Debug|Any CPU
		{2DBFA386-49A0-42CA-A13B-1917DAE67A97}.Release|Any CPU.ActiveCfg = Release|Any CPU
		{2DBFA386-49A0-42CA-A13B-1917DAE67A97}.Release|Any CPU.Build.0 = Release|Any CPU
	EndGlobalSection
	GlobalSection(SolutionProperties) = preSolution
		HideSolutionNode = FALSE
	EndGlobalSection
	GlobalSection(ExtensibilityGlobals) = postSolution
		SolutionGuid = {96175AD4-147C-4DBC-980C-A23B0B2CC3C7}
	EndGlobalSection
EndGlobal
