
Microsoft Visual Studio Solution File, Format Version 12.00
# Visual Studio Version 16
VisualStudioVersion = 16.0.31005.135
MinimumVisualStudioVersion = 10.0.40219.1
Project("{9A19103F-16F7-4668-BE54-9A1E7A4F7556}") = "chap04App", "chap04App\chap04App.csproj", "{9F81B9A8-9421-432D-8651-62BE84CD1692}"
EndProject
Project("{FAE04EC0-301F-11D3-BF4B-00C04F79EFBC}") = "IncDecTestApp", "increaseTestApp\IncDecTestApp.csproj", "{D666EAF6-0C93-4DFE-94FC-EADB8D5A38FB}"
EndProject
Project("{FAE04EC0-301F-11D3-BF4B-00C04F79EFBC}") = "stringConcatApp", "stringConcatApp\stringConcatApp.csproj", "{C074564D-E408-4B39-A1BE-5A61ABB1B1CF}"
EndProject
Global
	GlobalSection(SolutionConfigurationPlatforms) = preSolution
		Debug|Any CPU = Debug|Any CPU
		Release|Any CPU = Release|Any CPU
	EndGlobalSection
	GlobalSection(ProjectConfigurationPlatforms) = postSolution
		{9F81B9A8-9421-432D-8651-62BE84CD1692}.Debug|Any CPU.ActiveCfg = Debug|Any CPU
		{9F81B9A8-9421-432D-8651-62BE84CD1692}.Debug|Any CPU.Build.0 = Debug|Any CPU
		{9F81B9A8-9421-432D-8651-62BE84CD1692}.Release|Any CPU.ActiveCfg = Release|Any CPU
		{9F81B9A8-9421-432D-8651-62BE84CD1692}.Release|Any CPU.Build.0 = Release|Any CPU
		{D666EAF6-0C93-4DFE-94FC-EADB8D5A38FB}.Debug|Any CPU.ActiveCfg = Debug|Any CPU
		{D666EAF6-0C93-4DFE-94FC-EADB8D5A38FB}.Debug|Any CPU.Build.0 = Debug|Any CPU
		{D666EAF6-0C93-4DFE-94FC-EADB8D5A38FB}.Release|Any CPU.ActiveCfg = Release|Any CPU
		{D666EAF6-0C93-4DFE-94FC-EADB8D5A38FB}.Release|Any CPU.Build.0 = Release|Any CPU
		{C074564D-E408-4B39-A1BE-5A61ABB1B1CF}.Debug|Any CPU.ActiveCfg = Debug|Any CPU
		{C074564D-E408-4B39-A1BE-5A61ABB1B1CF}.Debug|Any CPU.Build.0 = Debug|Any CPU
		{C074564D-E408-4B39-A1BE-5A61ABB1B1CF}.Release|Any CPU.ActiveCfg = Release|Any CPU
		{C074564D-E408-4B39-A1BE-5A61ABB1B1CF}.Release|Any CPU.Build.0 = Release|Any CPU
	EndGlobalSection
	GlobalSection(SolutionProperties) = preSolution
		HideSolutionNode = FALSE
	EndGlobalSection
	GlobalSection(ExtensibilityGlobals) = postSolution
		SolutionGuid = {57DE5664-8CE7-4348-A46A-6EAD4974A559}
	EndGlobalSection
EndGlobal
