
Microsoft Visual Studio Solution File, Format Version 12.00
# Visual Studio Version 16
VisualStudioVersion = 16.0.31005.135
MinimumVisualStudioVersion = 10.0.40219.1
Project("{FAE04EC0-301F-11D3-BF4B-00C04F79EFBC}") = "Chapter06App", "Chapter06App\Chapter06App.csproj", "{9E55F172-5905-4F33-AE82-EA9DC3E4A72B}"
EndProject
Project("{FAE04EC0-301F-11D3-BF4B-00C04F79EFBC}") = "ProfileTestApp", "ProfileTestApp\ProfileTestApp.csproj", "{5512A70F-205E-4C01-958D-ECDDF3D18F5B}"
EndProject
Project("{FAE04EC0-301F-11D3-BF4B-00C04F79EFBC}") = "SortingTestApp", "SortingTestApp\SortingTestApp.csproj", "{256CC313-02A0-4FA7-993C-9163C7708C2D}"
EndProject
Project("{FAE04EC0-301F-11D3-BF4B-00C04F79EFBC}") = "RefOutTestApp", "RefOutTestApp\RefOutTestApp.csproj", "{F3147C73-A495-4890-A6FC-709FBE1F8670}"
EndProject
Global
	GlobalSection(SolutionConfigurationPlatforms) = preSolution
		Debug|Any CPU = Debug|Any CPU
		Release|Any CPU = Release|Any CPU
	EndGlobalSection
	GlobalSection(ProjectConfigurationPlatforms) = postSolution
		{9E55F172-5905-4F33-AE82-EA9DC3E4A72B}.Debug|Any CPU.ActiveCfg = Debug|Any CPU
		{9E55F172-5905-4F33-AE82-EA9DC3E4A72B}.Debug|Any CPU.Build.0 = Debug|Any CPU
		{9E55F172-5905-4F33-AE82-EA9DC3E4A72B}.Release|Any CPU.ActiveCfg = Release|Any CPU
		{9E55F172-5905-4F33-AE82-EA9DC3E4A72B}.Release|Any CPU.Build.0 = Release|Any CPU
		{5512A70F-205E-4C01-958D-ECDDF3D18F5B}.Debug|Any CPU.ActiveCfg = Debug|Any CPU
		{5512A70F-205E-4C01-958D-ECDDF3D18F5B}.Debug|Any CPU.Build.0 = Debug|Any CPU
		{5512A70F-205E-4C01-958D-ECDDF3D18F5B}.Release|Any CPU.ActiveCfg = Release|Any CPU
		{5512A70F-205E-4C01-958D-ECDDF3D18F5B}.Release|Any CPU.Build.0 = Release|Any CPU
		{256CC313-02A0-4FA7-993C-9163C7708C2D}.Debug|Any CPU.ActiveCfg = Debug|Any CPU
		{256CC313-02A0-4FA7-993C-9163C7708C2D}.Debug|Any CPU.Build.0 = Debug|Any CPU
		{256CC313-02A0-4FA7-993C-9163C7708C2D}.Release|Any CPU.ActiveCfg = Release|Any CPU
		{256CC313-02A0-4FA7-993C-9163C7708C2D}.Release|Any CPU.Build.0 = Release|Any CPU
		{F3147C73-A495-4890-A6FC-709FBE1F8670}.Debug|Any CPU.ActiveCfg = Debug|Any CPU
		{F3147C73-A495-4890-A6FC-709FBE1F8670}.Debug|Any CPU.Build.0 = Debug|Any CPU
		{F3147C73-A495-4890-A6FC-709FBE1F8670}.Release|Any CPU.ActiveCfg = Release|Any CPU
		{F3147C73-A495-4890-A6FC-709FBE1F8670}.Release|Any CPU.Build.0 = Release|Any CPU
	EndGlobalSection
	GlobalSection(SolutionProperties) = preSolution
		HideSolutionNode = FALSE
	EndGlobalSection
	GlobalSection(ExtensibilityGlobals) = postSolution
		SolutionGuid = {CD1C1B1F-3232-4F3D-90CD-8060BD940E53}
	EndGlobalSection
EndGlobal
