
Microsoft Visual Studio Solution File, Format Version 12.00
# Visual Studio Version 16
VisualStudioVersion = 16.0.31005.135
MinimumVisualStudioVersion = 10.0.40219.1
Project("{FAE04EC0-301F-11D3-BF4B-00C04F79EFBC}") = "IfElseWhile", "Chapter05App\IfElseWhile.csproj", "{84FDCEDB-015A-4AF1-BC26-B024CD03C9F7}"
EndProject
Project("{FAE04EC0-301F-11D3-BF4B-00C04F79EFBC}") = "SwitchTestApp", "switch\SwitchTestApp.csproj", "{F026D91A-67DC-4445-A048-C6D84B142FA1}"
EndProject
Project("{FAE04EC0-301F-11D3-BF4B-00C04F79EFBC}") = "LoopTestApp", "LoopTestApp\LoopTestApp.csproj", "{6B9FEEB0-E2D9-44A8-A4F1-FDC83938F1E5}"
EndProject
Project("{FAE04EC0-301F-11D3-BF4B-00C04F79EFBC}") = "StarTestApp", "StarTestApp\StarTestApp.csproj", "{395F2C01-865B-460D-B6AD-B47D0DD1BDD1}"
EndProject
Project("{FAE04EC0-301F-11D3-BF4B-00C04F79EFBC}") = "ForeachTestApp", "ForeachTestApp\ForeachTestApp.csproj", "{FE92AC1C-F86F-4E8B-B981-5551705071B6}"
EndProject
Project("{FAE04EC0-301F-11D3-BF4B-00C04F79EFBC}") = "infiniteLoopApp", "infiniteLoopApp\infiniteLoopApp.csproj", "{BC64B619-CA5B-498F-8D96-81EF756896FF}"
EndProject
Project("{FAE04EC0-301F-11D3-BF4B-00C04F79EFBC}") = "JumpTestApp", "JumpTestApp\JumpTestApp.csproj", "{11136B76-9846-4962-A947-76F585C4B59B}"
EndProject
Global
	GlobalSection(SolutionConfigurationPlatforms) = preSolution
		Debug|Any CPU = Debug|Any CPU
		Release|Any CPU = Release|Any CPU
	EndGlobalSection
	GlobalSection(ProjectConfigurationPlatforms) = postSolution
		{84FDCEDB-015A-4AF1-BC26-B024CD03C9F7}.Debug|Any CPU.ActiveCfg = Debug|Any CPU
		{84FDCEDB-015A-4AF1-BC26-B024CD03C9F7}.Debug|Any CPU.Build.0 = Debug|Any CPU
		{84FDCEDB-015A-4AF1-BC26-B024CD03C9F7}.Release|Any CPU.ActiveCfg = Release|Any CPU
		{84FDCEDB-015A-4AF1-BC26-B024CD03C9F7}.Release|Any CPU.Build.0 = Release|Any CPU
		{F026D91A-67DC-4445-A048-C6D84B142FA1}.Debug|Any CPU.ActiveCfg = Debug|Any CPU
		{F026D91A-67DC-4445-A048-C6D84B142FA1}.Debug|Any CPU.Build.0 = Debug|Any CPU
		{F026D91A-67DC-4445-A048-C6D84B142FA1}.Release|Any CPU.ActiveCfg = Release|Any CPU
		{F026D91A-67DC-4445-A048-C6D84B142FA1}.Release|Any CPU.Build.0 = Release|Any CPU
		{6B9FEEB0-E2D9-44A8-A4F1-FDC83938F1E5}.Debug|Any CPU.ActiveCfg = Debug|Any CPU
		{6B9FEEB0-E2D9-44A8-A4F1-FDC83938F1E5}.Debug|Any CPU.Build.0 = Debug|Any CPU
		{6B9FEEB0-E2D9-44A8-A4F1-FDC83938F1E5}.Release|Any CPU.ActiveCfg = Release|Any CPU
		{6B9FEEB0-E2D9-44A8-A4F1-FDC83938F1E5}.Release|Any CPU.Build.0 = Release|Any CPU
		{395F2C01-865B-460D-B6AD-B47D0DD1BDD1}.Debug|Any CPU.ActiveCfg = Debug|Any CPU
		{395F2C01-865B-460D-B6AD-B47D0DD1BDD1}.Debug|Any CPU.Build.0 = Debug|Any CPU
		{395F2C01-865B-460D-B6AD-B47D0DD1BDD1}.Release|Any CPU.ActiveCfg = Release|Any CPU
		{395F2C01-865B-460D-B6AD-B47D0DD1BDD1}.Release|Any CPU.Build.0 = Release|Any CPU
		{FE92AC1C-F86F-4E8B-B981-5551705071B6}.Debug|Any CPU.ActiveCfg = Debug|Any CPU
		{FE92AC1C-F86F-4E8B-B981-5551705071B6}.Debug|Any CPU.Build.0 = Debug|Any CPU
		{FE92AC1C-F86F-4E8B-B981-5551705071B6}.Release|Any CPU.ActiveCfg = Release|Any CPU
		{FE92AC1C-F86F-4E8B-B981-5551705071B6}.Release|Any CPU.Build.0 = Release|Any CPU
		{BC64B619-CA5B-498F-8D96-81EF756896FF}.Debug|Any CPU.ActiveCfg = Debug|Any CPU
		{BC64B619-CA5B-498F-8D96-81EF756896FF}.Debug|Any CPU.Build.0 = Debug|Any CPU
		{BC64B619-CA5B-498F-8D96-81EF756896FF}.Release|Any CPU.ActiveCfg = Release|Any CPU
		{BC64B619-CA5B-498F-8D96-81EF756896FF}.Release|Any CPU.Build.0 = Release|Any CPU
		{11136B76-9846-4962-A947-76F585C4B59B}.Debug|Any CPU.ActiveCfg = Debug|Any CPU
		{11136B76-9846-4962-A947-76F585C4B59B}.Debug|Any CPU.Build.0 = Debug|Any CPU
		{11136B76-9846-4962-A947-76F585C4B59B}.Release|Any CPU.ActiveCfg = Release|Any CPU
		{11136B76-9846-4962-A947-76F585C4B59B}.Release|Any CPU.Build.0 = Release|Any CPU
	EndGlobalSection
	GlobalSection(SolutionProperties) = preSolution
		HideSolutionNode = FALSE
	EndGlobalSection
	GlobalSection(ExtensibilityGlobals) = postSolution
		SolutionGuid = {073B54BF-C911-47E7-9E15-F3366FF2B512}
	EndGlobalSection
EndGlobal
